<Solution>
  <Folder Name="/src/">
    <Project Path="src/Gi/Gi.csproj" />
  </Folder>
  <Folder Name="/samples/">
    <Project Path="samples/world/Gi.WorldSample.csproj" />
  </Folder>
  <Folder Name="/tests/">
    <Project Path="tests/Gi.Tests/Gi.Tests.csproj" />
  </Folder>
  <Folder Name="/benchmarks/">
    <Project Path="benchmarks/GiBenchmarks.csproj" />
  </Folder>
  <Folder Name="/tools/">
    <Project Path="viz/Gi.Viz.csproj" />
    <Project Path="tools/stats/Gi.Stats.csproj" />
  </Folder>
</Solution>
