<Solution>
  <Folder Name="/src/">
    <Project Path="src/GridInfluence/GridInfluence.csproj" />
  </Folder>
  <Folder Name="/samples/">
    <Project Path="samples/world/GridInfluence.WorldSample.csproj" />
  </Folder>
  <Folder Name="/tests/">
    <Project Path="tests/GridInfluence.Tests/GridInfluence.Tests.csproj" />
  </Folder>
  <Folder Name="/benchmarks/">
    <Project Path="benchmarks/GridInfluenceBenchmarks.csproj" />
  </Folder>
</Solution>
